
Microsoft Visual Studio Solution File, Format Version 12.00
# Visual Studio Version 16
VisualStudioVersion = 16.0.31019.35
MinimumVisualStudioVersion = 10.0.40219.1
Project("{FAE04EC0-301F-11D3-BF4B-00C04F79EFBC}") = "VirtualWallet.API", "VirtualWallet.API\VirtualWallet.API.csproj", "{3567A7AD-135D-4FC9-83BA-35190D01C3B3}"
EndProject
Project("{FAE04EC0-301F-11D3-BF4B-00C04F79EFBC}") = "VritualWallet.Common", "VritualWallet.Common\VritualWallet.Common.csproj", "{0F8F44CC-CABC-467C-91B6-7D01C468D262}"
EndProject
Project("{FAE04EC0-301F-11D3-BF4B-00C04F79EFBC}") = "VirtualWallet.Model", "VirtualWallet.Model\VirtualWallet.Model.csproj", "{C333FA35-1217-484A-9E0A-756BE705F995}"
EndProject
Project("{FAE04EC0-301F-11D3-BF4B-00C04F79EFBC}") = "VirtualWallet.DAL", "VirtualWallet.DAL\VirtualWallet.DAL.csproj", "{CFAFE730-B87B-49FD-8C7D-73CDB65981E0}"
EndProject
Global
	GlobalSection(SolutionConfigurationPlatforms) = preSolution
		Debug|Any CPU = Debug|Any CPU
		Release|Any CPU = Release|Any CPU
	EndGlobalSection
	GlobalSection(ProjectConfigurationPlatforms) = postSolution
		{3567A7AD-135D-4FC9-83BA-35190D01C3B3}.Debug|Any CPU.ActiveCfg = Debug|Any CPU
		{3567A7AD-135D-4FC9-83BA-35190D01C3B3}.Debug|Any CPU.Build.0 = Debug|Any CPU
		{3567A7AD-135D-4FC9-83BA-35190D01C3B3}.Release|Any CPU.ActiveCfg = Release|Any CPU
		{3567A7AD-135D-4FC9-83BA-35190D01C3B3}.Release|Any CPU.Build.0 = Release|Any CPU
		{0F8F44CC-CABC-467C-91B6-7D01C468D262}.Debug|Any CPU.ActiveCfg = Debug|Any CPU
		{0F8F44CC-CABC-467C-91B6-7D01C468D262}.Debug|Any CPU.Build.0 = Debug|Any CPU
		{0F8F44CC-CABC-467C-91B6-7D01C468D262}.Release|Any CPU.ActiveCfg = Release|Any CPU
		{0F8F44CC-CABC-467C-91B6-7D01C468D262}.Release|Any CPU.Build.0 = Release|Any CPU
		{C333FA35-1217-484A-9E0A-756BE705F995}.Debug|Any CPU.ActiveCfg = Debug|Any CPU
		{C333FA35-1217-484A-9E0A-756BE705F995}.Debug|Any CPU.Build.0 = Debug|Any CPU
		{C333FA35-1217-484A-9E0A-756BE705F995}.Release|Any CPU.ActiveCfg = Release|Any CPU
		{C333FA35-1217-484A-9E0A-756BE705F995}.Release|Any CPU.Build.0 = Release|Any CPU
		{CFAFE730-B87B-49FD-8C7D-73CDB65981E0}.Debug|Any CPU.ActiveCfg = Debug|Any CPU
		{CFAFE730-B87B-49FD-8C7D-73CDB65981E0}.Debug|Any CPU.Build.0 = Debug|Any CPU
		{CFAFE730-B87B-49FD-8C7D-73CDB65981E0}.Release|Any CPU.ActiveCfg = Release|Any CPU
		{CFAFE730-B87B-49FD-8C7D-73CDB65981E0}.Release|Any CPU.Build.0 = Release|Any CPU
	EndGlobalSection
	GlobalSection(SolutionProperties) = preSolution
		HideSolutionNode = FALSE
	EndGlobalSection
	GlobalSection(ExtensibilityGlobals) = postSolution
		SolutionGuid = {662FBAE4-A73B-4DFD-B34E-D0AFA721442F}
	EndGlobalSection
EndGlobal
